
Microsoft Visual Studio Solution File, Format Version 12.00
# Visual Studio Version 17
VisualStudioVersion = 17.14.36121.58 d17.14
MinimumVisualStudioVersion = 10.0.40219.1
Project("{FAE04EC0-301F-11D3-BF4B-00C04F79EFBC}") = "du", "du.csproj", "{FB869A51-413F-4188-B57A-F54949C943A1}"
EndProject
Global
	GlobalSection(SolutionConfigurationPlatforms) = preSolution
		Debug|Any CPU = Debug|Any CPU
		Release|Any CPU = Release|Any CPU
	EndGlobalSection
	GlobalSection(ProjectConfigurationPlatforms) = postSolution
		{FB869A51-413F-4188-B57A-F54949C943A1}.Debug|Any CPU.ActiveCfg = Debug|Any CPU
		{FB869A51-413F-4188-B57A-F54949C943A1}.Debug|Any CPU.Build.0 = Debug|Any CPU
		{FB869A51-413F-4188-B57A-F54949C943A1}.Release|Any CPU.ActiveCfg = Release|Any CPU
		{FB869A51-413F-4188-B57A-F54949C943A1}.Release|Any CPU.Build.0 = Release|Any CPU
	EndGlobalSection
	GlobalSection(SolutionProperties) = preSolution
		HideSolutionNode = FALSE
	EndGlobalSection
	GlobalSection(ExtensibilityGlobals) = postSolution
		SolutionGuid = {69D9E3BC-D066-4A02-AF67-C2CC22FE0D5E}
	EndGlobalSection
EndGlobal
